{
  "name": "nmea",
  "version": "1.0.0",
  "lockfileVersion": 3,
  "requires": true,
  "packages": {
    "": {
      "name": "nmea",
      "version": "1.0.0",
      "license": "ISC",
      "dependencies": {
        "antlr4": "^4.13.1",
        "gregorian-calendar": "^4.1.6"
      }
    },
    "node_modules/antlr4": {
      "version": "4.13.1",
      "resolved": "https://registry.npmjs.org/antlr4/-/antlr4-4.13.1.tgz",
      "integrity": "sha512-kiXTspaRYvnIArgE97z5YVVf/cDVQABr3abFRR6mE7yesLMkgu4ujuyV/sgxafQ8wgve0DJQUJ38Z8tkgA2izA==",
      "engines": {
        "node": ">=16"
      }
    },
    "node_modules/gregorian-calendar": {
      "version": "4.1.6",
      "resolved": "https://registry.npmjs.org/gregorian-calendar/-/gregorian-calendar-4.1.6.tgz",
      "integrity": "sha512-2GlzWvAPJvKd6Nl3pc3z6Gf1L6E4/NbCn4rufMT2JBgc2Urp2khIePyu45dY0EHPB9ByRV1Vq+WC+XN2JJB1hg=="
    }
  }
}
